<?xml version="1.0" encoding="utf-8"?>
<Project ToolsVersion="4.0" xmlns="http://schemas.microsoft.com/developer/msbuild/2003">
  <ItemGroup>
    <Filter Include="Source Files">
      <UniqueIdentifier>{4FC737F1-C7A5-4376-A066-2A32D752A2FF}</UniqueIdentifier>
      <Extensions>cpp;c;cc;cxx;def;odl;idl;hpj;bat;asm;asmx</Extensions>
    </Filter>
    <Filter Include="Header Files">
      <UniqueIdentifier>{93995380-89BD-4b04-88EB-625FBE52EBFB}</UniqueIdentifier>
      <Extensions>h;hh;hpp;hxx;hm;inl;inc;xsd</Extensions>
    </Filter>
    <Filter Include="Resource Files">
      <UniqueIdentifier>{67DA6AB6-F800-4c08-8B7A-83BB121AAD01}</UniqueIdentifier>
      <Extensions>rc;ico;cur;bmp;dlg;rc2;rct;bin;rgs;gif;jpg;jpeg;jpe;resx;tiff;tif;png;wav;mfcribbon-ms</Extensions>
    </Filter>
  </ItemGroup>
  <ItemGroup>
    <ClCompile Include="..\..\isomp4\atoms.c">
      <Filter>Source Files</Filter>
    </ClCompile>
    <ClCompile Include="..\..\isomp4\atomsrecovery.c">
      <Filter>Source Files</Filter>
    </ClCompile>
    <ClCompile Include="..\..\isomp4\descriptors.c">
      <Filter>Source Files</Filter>
    </ClCompile>
    <ClCompile Include="..\..\isomp4\gstqtmoovrecover.c">
      <Filter>Source Files</Filter>
    </ClCompile>
    <ClCompile Include="..\..\isomp4\gstqtmux.c">
      <Filter>Source Files</Filter>
    </ClCompile>
    <ClCompile Include="..\..\isomp4\gstqtmux-doc.c">
      <Filter>Source Files</Filter>
    </ClCompile>
    <ClCompile Include="..\..\isomp4\gstqtmuxmap.c">
      <Filter>Source Files</Filter>
    </ClCompile>
    <ClCompile Include="..\..\isomp4\gstrtpxqtdepay.c">
      <Filter>Source Files</Filter>
    </ClCompile>
    <ClCompile Include="..\..\isomp4\isomp4-plugin.c">
      <Filter>Source Files</Filter>
    </ClCompile>
    <ClCompile Include="..\..\isomp4\properties.c">
      <Filter>Source Files</Filter>
    </ClCompile>
    <ClCompile Include="..\..\isomp4\qtdemux.c">
      <Filter>Source Files</Filter>
    </ClCompile>
    <ClCompile Include="..\..\isomp4\qtdemux_dump.c">
      <Filter>Source Files</Filter>
    </ClCompile>
    <ClCompile Include="..\..\isomp4\qtdemux_lang.c">
      <Filter>Source Files</Filter>
    </ClCompile>
    <ClCompile Include="..\..\isomp4\qtdemux_types.c">
      <Filter>Source Files</Filter>
    </ClCompile>
    <ClCompile Include="..\..\isomp4\fifobuffer.c">
      <Filter>Source Files</Filter>
    </ClCompile>
    <ClCompile Include="..\..\isomp4\bitstream.c">
      <Filter>Source Files</Filter>
    </ClCompile>
  </ItemGroup>
  <ItemGroup>
    <ClInclude Include="..\..\isomp4\atoms.h">
      <Filter>Header Files</Filter>
    </ClInclude>
    <ClInclude Include="..\..\isomp4\atomsrecovery.h">
      <Filter>Header Files</Filter>
    </ClInclude>
    <ClInclude Include="..\..\isomp4\descriptors.h">
      <Filter>Header Files</Filter>
    </ClInclude>
    <ClInclude Include="..\..\isomp4\fourcc.h">
      <Filter>Header Files</Filter>
    </ClInclude>
    <ClInclude Include="..\..\isomp4\ftypcc.h">
      <Filter>Header Files</Filter>
    </ClInclude>
    <ClInclude Include="..\..\isomp4\gstqtmoovrecover.h">
      <Filter>Header Files</Filter>
    </ClInclude>
    <ClInclude Include="..\..\isomp4\gstqtmux.h">
      <Filter>Header Files</Filter>
    </ClInclude>
    <ClInclude Include="..\..\isomp4\gstqtmux-doc.h">
      <Filter>Header Files</Filter>
    </ClInclude>
    <ClInclude Include="..\..\isomp4\gstqtmuxmap.h">
      <Filter>Header Files</Filter>
    </ClInclude>
    <ClInclude Include="..\..\isomp4\gstrtpxqtdepay.h">
      <Filter>Header Files</Filter>
    </ClInclude>
    <ClInclude Include="..\..\isomp4\properties.h">
      <Filter>Header Files</Filter>
    </ClInclude>
    <ClInclude Include="..\..\isomp4\qtatomparser.h">
      <Filter>Header Files</Filter>
    </ClInclude>
    <ClInclude Include="..\..\isomp4\qtdemux.h">
      <Filter>Header Files</Filter>
    </ClInclude>
    <ClInclude Include="..\..\isomp4\qtdemux_dump.h">
      <Filter>Header Files</Filter>
    </ClInclude>
    <ClInclude Include="..\..\isomp4\qtdemux_fourcc.h">
      <Filter>Header Files</Filter>
    </ClInclude>
    <ClInclude Include="..\..\isomp4\qtdemux_lang.h">
      <Filter>Header Files</Filter>
    </ClInclude>
    <ClInclude Include="..\..\isomp4\qtdemux_types.h">
      <Filter>Header Files</Filter>
    </ClInclude>
    <ClInclude Include="..\..\isomp4\qtpalette.h">
      <Filter>Header Files</Filter>
    </ClInclude>
    <ClInclude Include="..\..\isomp4\fifobuffer.h">
      <Filter>Header Files</Filter>
    </ClInclude>
    <ClInclude Include="..\..\isomp4\bitstream.h">
      <Filter>Header Files</Filter>
    </ClInclude>
  </ItemGroup>
</Project>